// !$*UTF8*$!
{
	archiveVersion = 1;
	classes = {
	};
	objectVersion = 50;
	objects = {

/* Begin PBXBuildFile section */
		336FD53723350CFB00B2C72F /* AppDelegate.swift in Sources */ = {isa = PBXBuildFile; fileRef = 336FD53623350CFB00B2C72F /* AppDelegate.swift */; };
		336FD53923350CFB00B2C72F /* SceneDelegate.swift in Sources */ = {isa = PBXBuildFile; fileRef = 336FD53823350CFB00B2C72F /* SceneDelegate.swift */; };
		336FD53C23350CFB00B2C72F /* CDDemo.xcdatamodeld in Sources */ = {isa = PBXBuildFile; fileRef = 336FD53A23350CFB00B2C72F /* CDDemo.xcdatamodeld */; };
		336FD53E23350CFB00B2C72F /* ContentView.swift in Sources */ = {isa = PBXBuildFile; fileRef = 336FD53D23350CFB00B2C72F /* ContentView.swift */; };
		336FD54023350CFE00B2C72F /* Assets.xcassets in Resources */ = {isa = PBXBuildFile; fileRef = 336FD53F23350CFE00B2C72F /* Assets.xcassets */; };
		336FD54323350CFE00B2C72F /* Preview Assets.xcassets in Resources */ = {isa = PBXBuildFile; fileRef = 336FD54223350CFE00B2C72F /* Preview Assets.xcassets */; };
		336FD54623350CFE00B2C72F /* LaunchScreen.storyboard in Resources */ = {isa = PBXBuildFile; fileRef = 336FD54423350CFE00B2C72F /* LaunchScreen.storyboard */; };
/* End PBXBuildFile section */

/* Begin PBXFileReference section */
		336FD53323350CFB00B2C72F /* CDDemo.app */ = {isa = PBXFileReference; explicitFileType = wrapper.application; includeInIndex = 0; path = CDDemo.app; sourceTree = BUILT_PRODUCTS_DIR; };
		336FD53623350CFB00B2C72F /* AppDelegate.swift */ = {isa = PBXFileReference; lastKnownFileType = sourcecode.swift; path = AppDelegate.swift; sourceTree = "<group>"; };
		336FD53823350CFB00B2C72F /* SceneDelegate.swift */ = {isa = PBXFileReference; lastKnownFileType = sourcecode.swift; path = SceneDelegate.swift; sourceTree = "<group>"; };
		336FD53B23350CFB00B2C72F /* CDDemo.xcdatamodel */ = {isa = PBXFileReference; lastKnownFileType = wrapper.xcdatamodel; path = CDDemo.xcdatamodel; sourceTree = "<group>"; };
		336FD53D23350CFB00B2C72F /* ContentView.swift */ = {isa = PBXFileReference; lastKnownFileType = sourcecode.swift; path = ContentView.swift; sourceTree = "<group>"; };
		336FD53F23350CFE00B2C72F /* Assets.xcassets */ = {isa = PBXFileReference; lastKnownFileType = folder.assetcatalog; path = Assets.xcassets; sourceTree = "<group>"; };
		336FD54223350CFE00B2C72F /* Preview Assets.xcassets */ = {isa = PBXFileReference; lastKnownFileType = folder.assetcatalog; path = "Preview Assets.xcassets"; sourceTree = "<group>"; };
		336FD54523350CFE00B2C72F /* Base */ = {isa = PBXFileReference; lastKnownFileType = file.storyboard; name = Base; path = Base.lproj/LaunchScreen.storyboard; sourceTree = "<group>"; };
		336FD54723350CFE00B2C72F /* Info.plist */ = {isa = PBXFileReference; lastKnownFileType = text.plist.xml; path = Info.plist; sourceTree = "<group>"; };
/* End PBXFileReference section */

/* Begin PBXFrameworksBuildPhase section */
		336FD53023350CFB00B2C72F /* Frameworks */ = {
			isa = PBXFrameworksBuildPhase;
			buildActionMask = 2147483647;
			files = (
			);
			runOnlyForDeploymentPostprocessing = 0;
		};
/* End PBXFrameworksBuildPhase section */

/* Begin PBXGroup section */
		336FD52A23350CFB00B2C72F = {
			isa = PBXGroup;
			children = (
				336FD53523350CFB00B2C72F /* CDDemo */,
				336FD53423350CFB00B2C72F /* Products */,
			);
			sourceTree = "<group>";
		};
		336FD53423350CFB00B2C72F /* Products */ = {
			isa = PBXGroup;
			children = (
				336FD53323350CFB00B2C72F /* CDDemo.app */,
			);
			name = Products;
			sourceTree = "<group>";
		};
		336FD53523350CFB00B2C72F /* CDDemo */ = {
			isa = PBXGroup;
			children = (
				336FD53623350CFB00B2C72F /* AppDelegate.swift */,
				336FD53823350CFB00B2C72F /* SceneDelegate.swift */,
				336FD53D23350CFB00B2C72F /* ContentView.swift */,
				336FD53F23350CFE00B2C72F /* Assets.xcassets */,
				336FD54423350CFE00B2C72F /* LaunchScreen.storyboard */,
				336FD54723350CFE00B2C72F /* Info.plist */,
				336FD53A23350CFB00B2C72F /* CDDemo.xcdatamodeld */,
				336FD54123350CFE00B2C72F /* Preview Content */,
			);
			path = CDDemo;
			sourceTree = "<group>";
		};
		336FD54123350CFE00B2C72F /* Preview Content */ = {
			isa = PBXGroup;
			children = (
				336FD54223350CFE00B2C72F /* Preview Assets.xcassets */,
			);
			path = "Preview Content";
			sourceTree = "<group>";
		};
/* End PBXGroup section */

/* Begin PBXNativeTarget section */
		336FD53223350CFB00B2C72F /* CDDemo */ = {
			isa = PBXNativeTarget;
			buildConfigurationList = 336FD54A23350CFE00B2C72F /* Build configuration list for PBXNativeTarget "CDDemo" */;
			buildPhases = (
				336FD52F23350CFB00B2C72F /* Sources */,
				336FD53023350CFB00B2C72F /* Frameworks */,
				336FD53123350CFB00B2C72F /* Resources */,
			);
			buildRules = (
			);
			dependencies = (
			);
			name = CDDemo;
			productName = CDDemo;
			productReference = 336FD53323350CFB00B2C72F /* CDDemo.app */;
			productType = "com.apple.product-type.application";
		};
/* End PBXNativeTarget section */

/* Begin PBXProject section */
		336FD52B23350CFB00B2C72F /* Project object */ = {
			isa = PBXProject;
			attributes = {
				LastSwiftUpdateCheck = 1100;
				LastUpgradeCheck = 1100;
				ORGANIZATIONNAME = Orsys;
				TargetAttributes = {
					336FD53223350CFB00B2C72F = {
						CreatedOnToolsVersion = 11.0;
					};
				};
			};
			buildConfigurationList = 336FD52E23350CFB00B2C72F /* Build configuration list for PBXProject "CDDemo" */;
			compatibilityVersion = "Xcode 9.3";
			developmentRegion = en;
			hasScannedForEncodings = 0;
			knownRegions = (
				en,
				Base,
			);
			mainGroup = 336FD52A23350CFB00B2C72F;
			productRefGroup = 336FD53423350CFB00B2C72F /* Products */;
			projectDirPath = "";
			projectRoot = "";
			targets = (
				336FD53223350CFB00B2C72F /* CDDemo */,
			);
		};
/* End PBXProject section */

/* Begin PBXResourcesBuildPhase section */
		336FD53123350CFB00B2C72F /* Resources */ = {
			isa = PBXResourcesBuildPhase;
			buildActionMask = 2147483647;
			files = (
				336FD54623350CFE00B2C72F /* LaunchScreen.storyboard in Resources */,
				336FD54323350CFE00B2C72F /* Preview Assets.xcassets in Resources */,
				336FD54023350CFE00B2C72F /* Assets.xcassets in Resources */,
			);
			runOnlyForDeploymentPostprocessing = 0;
		};
/* End PBXResourcesBuildPhase section */

/* Begin PBXSourcesBuildPhase section */
		336FD52F23350CFB00B2C72F /* Sources */ = {
			isa = PBXSourcesBuildPhase;
			buildActionMask = 2147483647;
			files = (
				336FD53C23350CFB00B2C72F /* CDDemo.xcdatamodeld in Sources */,
				336FD53723350CFB00B2C72F /* AppDelegate.swift in Sources */,
				336FD53E23350CFB00B2C72F /* ContentView.swift in Sources */,
				336FD53923350CFB00B2C72F /* SceneDelegate.swift in Sources */,
			);
			runOnlyForDeploymentPostprocessing = 0;
		};
/* End PBXSourcesBuildPhase section */

/* Begin PBXVariantGroup section */
		336FD54423350CFE00B2C72F /* LaunchScreen.storyboard */ = {
			isa = PBXVariantGroup;
			children = (
				336FD54523350CFE00B2C72F /* Base */,
			);
			name = LaunchScreen.storyboard;
			sourceTree = "<group>";
		};
/* End PBXVariantGroup section */

/* Begin XCBuildConfiguration section */
		336FD54823350CFE00B2C72F /* Debug */ = {
			isa = XCBuildConfiguration;
			buildSettings = {
				ALWAYS_SEARCH_USER_PATHS = NO;
				CLANG_ANALYZER_NONNULL = YES;
				CLANG_ANALYZER_NUMBER_OBJECT_CONVERSION = YES_AGGRESSIVE;
				CLANG_CXX_LANGUAGE_STANDARD = "gnu++14";
				CLANG_CXX_LIBRARY = "libc++";
				CLANG_ENABLE_MODULES = YES;
				CLANG_ENABLE_OBJC_ARC = YES;
				CLANG_ENABLE_OBJC_WEAK = YES;
				CLANG_WARN_BLOCK_CAPTURE_AUTORELEASING = YES;
				CLANG_WARN_BOOL_CONVERSION = YES;
				CLANG_WARN_COMMA = YES;
				CLANG_WARN_CONSTANT_CONVERSION = YES;
				CLANG_WARN_DEPRECATED_OBJC_IMPLEMENTATIONS = YES;
				CLANG_WARN_DIRECT_OBJC_ISA_USAGE = YES_ERROR;
				CLANG_WARN_DOCUMENTATION_COMMENTS = YES;
				CLANG_WARN_EMPTY_BODY = YES;
				CLANG_WARN_ENUM_CONVERSION = YES;
				CLANG_WARN_INFINITE_RECURSION = YES;
				CLANG_WARN_INT_CONVERSION = YES;
				CLANG_WARN_NON_LITERAL_NULL_CONVERSION = YES;
				CLANG_WARN_OBJC_IMPLICIT_RETAIN_SELF = YES;
				CLANG_WARN_OBJC_LITERAL_CONVERSION = YES;
				CLANG_WARN_OBJC_ROOT_CLASS = YES_ERROR;
				CLANG_WARN_RANGE_LOOP_ANALYSIS = YES;
				CLANG_WARN_STRICT_PROTOTYPES = YES;
				CLANG_WARN_SUSPICIOUS_MOVE = YES;
				CLANG_WARN_UNGUARDED_AVAILABILITY = YES_AGGRESSIVE;
				CLANG_WARN_UNREACHABLE_CODE = YES;
				CLANG_WARN__DUPLICATE_METHOD_MATCH = YES;
				COPY_PHASE_STRIP = NO;
				DEBUG_INFORMATION_FORMAT = dwarf;
				ENABLE_STRICT_OBJC_MSGSEND = YES;
				ENABLE_TESTABILITY = YES;
				GCC_C_LANGUAGE_STANDARD = gnu11;
				GCC_DYNAMIC_NO_PIC = NO;
				GCC_NO_COMMON_BLOCKS = YES;
				GCC_OPTIMIZATION_LEVEL = 0;
				GCC_PREPROCESSOR_DEFINITIONS = (
					"DEBUG=1",
					"$(inherited)",
				);
				GCC_WARN_64_TO_32_BIT_CONVERSION = YES;
				GCC_WARN_ABOUT_RETURN_TYPE = YES_ERROR;
				GCC_WARN_UNDECLARED_SELECTOR = YES;
				GCC_WARN_UNINITIALIZED_AUTOS = YES_AGGRESSIVE;
				GCC_WARN_UNUSED_FUNCTION = YES;
				GCC_WARN_UNUSED_VARIABLE = YES;
				IPHONEOS_DEPLOYMENT_TARGET = 13.0;
				MTL_ENABLE_DEBUG_INFO = INCLUDE_SOURCE;
				MTL_FAST_MATH = YES;
				ONLY_ACTIVE_ARCH = YES;
				SDKROOT = iphoneos;
				SWIFT_ACTIVE_COMPILATION_CONDITIONS = DEBUG;
				SWIFT_OPTIMIZATION_LEVEL = "-Onone";
			};
			name = Debug;
		};
		336FD54923350CFE00B2C72F /* Release */ = {
			isa = XCBuildConfiguration;
			buildSettings = {
				ALWAYS_SEARCH_USER_PATHS = NO;
				CLANG_ANALYZER_NONNULL = YES;
				CLANG_ANALYZER_NUMBER_OBJECT_CONVERSION = YES_AGGRESSIVE;
				CLANG_CXX_LANGUAGE_STANDARD = "gnu++14";
				CLANG_CXX_LIBRARY = "libc++";
				CLANG_ENABLE_MODULES = YES;
				CLANG_ENABLE_OBJC_ARC = YES;
				CLANG_ENABLE_OBJC_WEAK = YES;
				CLANG_WARN_BLOCK_CAPTURE_AUTORELEASING = YES;
				CLANG_WARN_BOOL_CONVERSION = YES;
				CLANG_WARN_COMMA = YES;
				CLANG_WARN_CONSTANT_CONVERSION = YES;
				CLANG_WARN_DEPRECATED_OBJC_IMPLEMENTATIONS = YES;
				CLANG_WARN_DIRECT_OBJC_ISA_USAGE = YES_ERROR;
				CLANG_WARN_DOCUMENTATION_COMMENTS = YES;
				CLANG_WARN_EMPTY_BODY = YES;
				CLANG_WARN_ENUM_CONVERSION = YES;
				CLANG_WARN_INFINITE_RECURSION = YES;
				CLANG_WARN_INT_CONVERSION = YES;
				CLANG_WARN_NON_LITERAL_NULL_CONVERSION = YES;
				CLANG_WARN_OBJC_IMPLICIT_RETAIN_SELF = YES;
				CLANG_WARN_OBJC_LITERAL_CONVERSION = YES;
				CLANG_WARN_OBJC_ROOT_CLASS = YES_ERROR;
				CLANG_WARN_RANGE_LOOP_ANALYSIS = YES;
				CLANG_WARN_STRICT_PROTOTYPES = YES;
				CLANG_WARN_SUSPICIOUS_MOVE = YES;
				CLANG_WARN_UNGUARDED_AVAILABILITY = YES_AGGRESSIVE;
				CLANG_WARN_UNREACHABLE_CODE = YES;
				CLANG_WARN__DUPLICATE_METHOD_MATCH = YES;
				COPY_PHASE_STRIP = NO;
				DEBUG_INFORMATION_FORMAT = "dwarf-with-dsym";
				ENABLE_NS_ASSERTIONS = NO;
				ENABLE_STRICT_OBJC_MSGSEND = YES;
				GCC_C_LANGUAGE_STANDARD = gnu11;
				GCC_NO_COMMON_BLOCKS = YES;
				GCC_WARN_64_TO_32_BIT_CONVERSION = YES;
				GCC_WARN_ABOUT_RETURN_TYPE = YES_ERROR;
				GCC_WARN_UNDECLARED_SELECTOR = YES;
				GCC_WARN_UNINITIALIZED_AUTOS = YES_AGGRESSIVE;
				GCC_WARN_UNUSED_FUNCTION = YES;
				GCC_WARN_UNUSED_VARIABLE = YES;
				IPHONEOS_DEPLOYMENT_TARGET = 13.0;
				MTL_ENABLE_DEBUG_INFO = NO;
				MTL_FAST_MATH = YES;
				SDKROOT = iphoneos;
				SWIFT_COMPILATION_MODE = wholemodule;
				SWIFT_OPTIMIZATION_LEVEL = "-O";
				VALIDATE_PRODUCT = YES;
			};
			name = Release;
		};
		336FD54B23350CFE00B2C72F /* Debug */ = {
			isa = XCBuildConfiguration;
			buildSettings = {
				ASSETCATALOG_COMPILER_APPICON_NAME = AppIcon;
				CODE_SIGN_STYLE = Automatic;
				DEVELOPMENT_ASSET_PATHS = "\"CDDemo/Preview Content\"";
				DEVELOPMENT_TEAM = A7SGM6JEMA;
				ENABLE_PREVIEWS = YES;
				INFOPLIST_FILE = CDDemo/Info.plist;
				LD_RUNPATH_SEARCH_PATHS = (
					"$(inherited)",
					"@executable_path/Frameworks",
				);
				PRODUCT_BUNDLE_IDENTIFIER = fr.orsys.aix.CDDemo;
				PRODUCT_NAME = "$(TARGET_NAME)";
				SWIFT_VERSION = 5.0;
				TARGETED_DEVICE_FAMILY = "1,2";
			};
			name = Debug;
		};
		336FD54C23350CFE00B2C72F /* Release */ = {
			isa = XCBuildConfiguration;
			buildSettings = {
				ASSETCATALOG_COMPILER_APPICON_NAME = AppIcon;
				CODE_SIGN_STYLE = Automatic;
				DEVELOPMENT_ASSET_PATHS = "\"CDDemo/Preview Content\"";
				DEVELOPMENT_TEAM = A7SGM6JEMA;
				ENABLE_PREVIEWS = YES;
				INFOPLIST_FILE = CDDemo/Info.plist;
				LD_RUNPATH_SEARCH_PATHS = (
					"$(inherited)",
					"@executable_path/Frameworks",
				);
				PRODUCT_BUNDLE_IDENTIFIER = fr.orsys.aix.CDDemo;
				PRODUCT_NAME = "$(TARGET_NAME)";
				SWIFT_VERSION = 5.0;
				TARGETED_DEVICE_FAMILY = "1,2";
			};
			name = Release;
		};
/* End XCBuildConfiguration section */

/* Begin XCConfigurationList section */
		336FD52E23350CFB00B2C72F /* Build configuration list for PBXProject "CDDemo" */ = {
			isa = XCConfigurationList;
			buildConfigurations = (
				336FD54823350CFE00B2C72F /* Debug */,
				336FD54923350CFE00B2C72F /* Release */,
			);
			defaultConfigurationIsVisible = 0;
			defaultConfigurationName = Release;
		};
		336FD54A23350CFE00B2C72F /* Build configuration list for PBXNativeTarget "CDDemo" */ = {
			isa = XCConfigurationList;
			buildConfigurations = (
				336FD54B23350CFE00B2C72F /* Debug */,
				336FD54C23350CFE00B2C72F /* Release */,
			);
			defaultConfigurationIsVisible = 0;
			defaultConfigurationName = Release;
		};
/* End XCConfigurationList section */

/* Begin XCVersionGroup section */
		336FD53A23350CFB00B2C72F /* CDDemo.xcdatamodeld */ = {
			isa = XCVersionGroup;
			children = (
				336FD53B23350CFB00B2C72F /* CDDemo.xcdatamodel */,
			);
			currentVersion = 336FD53B23350CFB00B2C72F /* CDDemo.xcdatamodel */;
			path = CDDemo.xcdatamodeld;
			sourceTree = "<group>";
			versionGroupType = wrapper.xcdatamodel;
		};
/* End XCVersionGroup section */
	};
	rootObject = 336FD52B23350CFB00B2C72F /* Project object */;
}
